
Microsoft Visual Studio Solution File, Format Version 12.00
# Visual Studio Version 17
VisualStudioVersion = 17.1.32210.238
MinimumVisualStudioVersion = 10.0.40219.1
Project("{FAE04EC0-301F-11D3-BF4B-00C04F79EFBC}") = "CollectionAndNonCollectionGenerics", "CollectionAndNonCollectionGenerics\CollectionAndNonCollectionGenerics.csproj", "{2A514C0B-63AB-4455-A610-7AA8D73C9579}"
EndProject
Global
	GlobalSection(SolutionConfigurationPlatforms) = preSolution
		Debug|Any CPU = Debug|Any CPU
		Release|Any CPU = Release|Any CPU
	EndGlobalSection
	GlobalSection(ProjectConfigurationPlatforms) = postSolution
		{2A514C0B-63AB-4455-A610-7AA8D73C9579}.Debug|Any CPU.ActiveCfg = Debug|Any CPU
		{2A514C0B-63AB-4455-A610-7AA8D73C9579}.Debug|Any CPU.Build.0 = Debug|Any CPU
		{2A514C0B-63AB-4455-A610-7AA8D73C9579}.Release|Any CPU.ActiveCfg = Release|Any CPU
		{2A514C0B-63AB-4455-A610-7AA8D73C9579}.Release|Any CPU.Build.0 = Release|Any CPU
	EndGlobalSection
	GlobalSection(SolutionProperties) = preSolution
		HideSolutionNode = FALSE
	EndGlobalSection
	GlobalSection(ExtensibilityGlobals) = postSolution
		SolutionGuid = {A949EBA7-00A0-43A8-A906-B38EB6D5425E}
	EndGlobalSection
EndGlobal
